{
  "name": "playwright-dyo",
  "version": "1.0.0",
  "lockfileVersion": 2,
  "requires": true,
  "packages": {
    "": {
      "name": "playwright-dyo",
      "version": "1.0.0",
      "license": "ISC",
      "dependencies": {
        "@playwright/test": "^1.26.0-alpha-aug-23-2022"
      }
    },
    "node_modules/@playwright/test": {
      "version": "1.26.0-beta-1663100527000",
      "resolved": "https://registry.npmjs.org/@playwright/test/-/test-1.26.0-beta-1663100527000.tgz",
      "integrity": "sha512-U2TfeeqUwW9eJgrGWUjuRlTOIj+MHyZRIPXFcF+8NkNUeoDTIoo81ddz68a+cT9rw/+zPMJ4CYKpPwYExedIAQ==",
      "dependencies": {
        "@types/node": "*",
        "playwright-core": "1.26.0-beta-1663100527000"
      },
      "bin": {
        "playwright": "cli.js"
      },
      "engines": {
        "node": ">=14"
      }
    },
    "node_modules/@types/node": {
      "version": "18.7.18",
      "resolved": "https://registry.npmjs.org/@types/node/-/node-18.7.18.tgz",
      "integrity": "sha512-m+6nTEOadJZuTPkKR/SYK3A2d7FZrgElol9UP1Kae90VVU4a6mxnPuLiIW1m4Cq4gZ/nWb9GrdVXJCoCazDAbg=="
    },
    "node_modules/playwright-core": {
      "version": "1.26.0-beta-1663100527000",
      "resolved": "https://registry.npmjs.org/playwright-core/-/playwright-core-1.26.0-beta-1663100527000.tgz",
      "integrity": "sha512-ILmYx1TRzr7p2l7hpDypUmuCksDN3efLTOyku0HbWUSgsrA0by6QagREz1DPN7j0Bz2ol9Mgn4hkx+bgyJSm7Q==",
      "bin": {
        "playwright": "cli.js"
      },
      "engines": {
        "node": ">=14"
      }
    }
  },
  "dependencies": {
    "@playwright/test": {
      "version": "1.26.0-beta-1663100527000",
      "resolved": "https://registry.npmjs.org/@playwright/test/-/test-1.26.0-beta-1663100527000.tgz",
      "integrity": "sha512-U2TfeeqUwW9eJgrGWUjuRlTOIj+MHyZRIPXFcF+8NkNUeoDTIoo81ddz68a+cT9rw/+zPMJ4CYKpPwYExedIAQ==",
      "requires": {
        "@types/node": "*",
        "playwright-core": "1.26.0-beta-1663100527000"
      }
    },
    "@types/node": {
      "version": "18.7.18",
      "resolved": "https://registry.npmjs.org/@types/node/-/node-18.7.18.tgz",
      "integrity": "sha512-m+6nTEOadJZuTPkKR/SYK3A2d7FZrgElol9UP1Kae90VVU4a6mxnPuLiIW1m4Cq4gZ/nWb9GrdVXJCoCazDAbg=="
    },
    "playwright-core": {
      "version": "1.26.0-beta-1663100527000",
      "resolved": "https://registry.npmjs.org/playwright-core/-/playwright-core-1.26.0-beta-1663100527000.tgz",
      "integrity": "sha512-ILmYx1TRzr7p2l7hpDypUmuCksDN3efLTOyku0HbWUSgsrA0by6QagREz1DPN7j0Bz2ol9Mgn4hkx+bgyJSm7Q=="
    }
  }
}
